
Microsoft Visual Studio Solution File, Format Version 12.00
# Visual Studio Version 17
VisualStudioVersion = 17.3.32611.2
MinimumVisualStudioVersion = 10.0.40219.1
Project("{9A19103F-16F7-4668-BE54-9A1E7A4F7556}") = "Frontend", "Common\src\frontend\Frontend.csproj", "{737DFB51-0766-4114-B8E6-6320B2ACEFAF}"
EndProject
Global
	GlobalSection(SolutionConfigurationPlatforms) = preSolution
		Debug|Any CPU = Debug|Any CPU
		Release|Any CPU = Release|Any CPU
	EndGlobalSection
	GlobalSection(ProjectConfigurationPlatforms) = postSolution
		{737DFB51-0766-4114-B8E6-6320B2ACEFAF}.Debug|Any CPU.ActiveCfg = Debug|Any CPU
		{737DFB51-0766-4114-B8E6-6320B2ACEFAF}.Debug|Any CPU.Build.0 = Debug|Any CPU
		{737DFB51-0766-4114-B8E6-6320B2ACEFAF}.Release|Any CPU.ActiveCfg = Release|Any CPU
		{737DFB51-0766-4114-B8E6-6320B2ACEFAF}.Release|Any CPU.Build.0 = Release|Any CPU
	EndGlobalSection
	GlobalSection(SolutionProperties) = preSolution
		HideSolutionNode = FALSE
	EndGlobalSection
	GlobalSection(ExtensibilityGlobals) = postSolution
		SolutionGuid = {24460F1E-7297-4421-8A41-E89D176C6BB1}
	EndGlobalSection
EndGlobal
